// !$*UTF8*$!
{
	archiveVersion = 1;
	classes = {
	};
	objectVersion = 46;
	objects = {

/* Begin PBXBuildFile section */
		6006F5DB1F111D1800A0A150 /* AddingItemViewController.swift in Sources */ = {isa = PBXBuildFile; fileRef = 6006F5DA1F111D1800A0A150 /* AddingItemViewController.swift */; };
		6006F5DD1F111D2B00A0A150 /* AddingItemViewController.storyboard in Resources */ = {isa = PBXBuildFile; fileRef = 6006F5DC1F111D2B00A0A150 /* AddingItemViewController.storyboard */; };
		6006F5E11F11C03400A0A150 /* RxAddingItemViewController.storyboard in Resources */ = {isa = PBXBuildFile; fileRef = 6006F5E01F11C03400A0A150 /* RxAddingItemViewController.storyboard */; };
		6006F5E31F11C07300A0A150 /* RxAddingItemViewController.swift in Sources */ = {isa = PBXBuildFile; fileRef = 6006F5E21F11C07300A0A150 /* RxAddingItemViewController.swift */; };
		605A50A71F0FC358004C6EC6 /* AppDelegate.swift in Sources */ = {isa = PBXBuildFile; fileRef = 605A50A61F0FC358004C6EC6 /* AppDelegate.swift */; };
		605A50A91F0FC358004C6EC6 /* NumbersViewController.swift in Sources */ = {isa = PBXBuildFile; fileRef = 605A50A81F0FC358004C6EC6 /* NumbersViewController.swift */; };
		605A50AC1F0FC358004C6EC6 /* Main.storyboard in Resources */ = {isa = PBXBuildFile; fileRef = 605A50AA1F0FC358004C6EC6 /* Main.storyboard */; };
		605A50AE1F0FC358004C6EC6 /* Assets.xcassets in Resources */ = {isa = PBXBuildFile; fileRef = 605A50AD1F0FC358004C6EC6 /* Assets.xcassets */; };
		605A50B11F0FC358004C6EC6 /* LaunchScreen.storyboard in Resources */ = {isa = PBXBuildFile; fileRef = 605A50AF1F0FC358004C6EC6 /* LaunchScreen.storyboard */; };
		605A50BC1F0FC358004C6EC6 /* RxSwiftPracticeTests.swift in Sources */ = {isa = PBXBuildFile; fileRef = 605A50BB1F0FC358004C6EC6 /* RxSwiftPracticeTests.swift */; };
		605A50CC1F0FC65A004C6EC6 /* RxCocoa.framework in Frameworks */ = {isa = PBXBuildFile; fileRef = 605A50C81F0FC65A004C6EC6 /* RxCocoa.framework */; };
		605A50CD1F0FC65A004C6EC6 /* RxSwift.framework in Frameworks */ = {isa = PBXBuildFile; fileRef = 605A50C91F0FC65A004C6EC6 /* RxSwift.framework */; };
		60C28BF31F106AB600D3543F /* NumbersViewController.storyboard in Resources */ = {isa = PBXBuildFile; fileRef = 60C28BF21F106AB600D3543F /* NumbersViewController.storyboard */; };
/* End PBXBuildFile section */

/* Begin PBXContainerItemProxy section */
		605A50B81F0FC358004C6EC6 /* PBXContainerItemProxy */ = {
			isa = PBXContainerItemProxy;
			containerPortal = 605A509B1F0FC358004C6EC6 /* Project object */;
			proxyType = 1;
			remoteGlobalIDString = 605A50A21F0FC358004C6EC6;
			remoteInfo = RxSwiftPractice;
		};
/* End PBXContainerItemProxy section */

/* Begin PBXFileReference section */
		6006F5DA1F111D1800A0A150 /* AddingItemViewController.swift */ = {isa = PBXFileReference; fileEncoding = 4; lastKnownFileType = sourcecode.swift; name = AddingItemViewController.swift; path = AddingItem/AddingItemViewController.swift; sourceTree = "<group>"; };
		6006F5DC1F111D2B00A0A150 /* AddingItemViewController.storyboard */ = {isa = PBXFileReference; fileEncoding = 4; lastKnownFileType = file.storyboard; name = AddingItemViewController.storyboard; path = AddingItem/AddingItemViewController.storyboard; sourceTree = "<group>"; };
		6006F5E01F11C03400A0A150 /* RxAddingItemViewController.storyboard */ = {isa = PBXFileReference; fileEncoding = 4; lastKnownFileType = file.storyboard; path = RxAddingItemViewController.storyboard; sourceTree = "<group>"; };
		6006F5E21F11C07300A0A150 /* RxAddingItemViewController.swift */ = {isa = PBXFileReference; fileEncoding = 4; lastKnownFileType = sourcecode.swift; name = RxAddingItemViewController.swift; path = RxAddingItem/RxAddingItemViewController.swift; sourceTree = "<group>"; };
		605A50A31F0FC358004C6EC6 /* RxSwiftPractice.app */ = {isa = PBXFileReference; explicitFileType = wrapper.application; includeInIndex = 0; path = RxSwiftPractice.app; sourceTree = BUILT_PRODUCTS_DIR; };
		605A50A61F0FC358004C6EC6 /* AppDelegate.swift */ = {isa = PBXFileReference; lastKnownFileType = sourcecode.swift; path = AppDelegate.swift; sourceTree = "<group>"; };
		605A50A81F0FC358004C6EC6 /* NumbersViewController.swift */ = {isa = PBXFileReference; lastKnownFileType = sourcecode.swift; name = NumbersViewController.swift; path = Numbers/NumbersViewController.swift; sourceTree = "<group>"; };
		605A50AB1F0FC358004C6EC6 /* Base */ = {isa = PBXFileReference; lastKnownFileType = file.storyboard; name = Base; path = Base.lproj/Main.storyboard; sourceTree = "<group>"; };
		605A50AD1F0FC358004C6EC6 /* Assets.xcassets */ = {isa = PBXFileReference; lastKnownFileType = folder.assetcatalog; path = Assets.xcassets; sourceTree = "<group>"; };
		605A50B01F0FC358004C6EC6 /* Base */ = {isa = PBXFileReference; lastKnownFileType = file.storyboard; name = Base; path = Base.lproj/LaunchScreen.storyboard; sourceTree = "<group>"; };
		605A50B21F0FC358004C6EC6 /* Info.plist */ = {isa = PBXFileReference; lastKnownFileType = text.plist.xml; path = Info.plist; sourceTree = "<group>"; };
		605A50B71F0FC358004C6EC6 /* RxSwiftPracticeTests.xctest */ = {isa = PBXFileReference; explicitFileType = wrapper.cfbundle; includeInIndex = 0; path = RxSwiftPracticeTests.xctest; sourceTree = BUILT_PRODUCTS_DIR; };
		605A50BB1F0FC358004C6EC6 /* RxSwiftPracticeTests.swift */ = {isa = PBXFileReference; lastKnownFileType = sourcecode.swift; path = RxSwiftPracticeTests.swift; sourceTree = "<group>"; };
		605A50BD1F0FC358004C6EC6 /* Info.plist */ = {isa = PBXFileReference; lastKnownFileType = text.plist.xml; path = Info.plist; sourceTree = "<group>"; };
		605A50C71F0FC65A004C6EC6 /* RxBlocking.framework */ = {isa = PBXFileReference; lastKnownFileType = wrapper.framework; name = RxBlocking.framework; path = Carthage/Build/iOS/RxBlocking.framework; sourceTree = "<group>"; };
		605A50C81F0FC65A004C6EC6 /* RxCocoa.framework */ = {isa = PBXFileReference; lastKnownFileType = wrapper.framework; name = RxCocoa.framework; path = Carthage/Build/iOS/RxCocoa.framework; sourceTree = "<group>"; };
		605A50C91F0FC65A004C6EC6 /* RxSwift.framework */ = {isa = PBXFileReference; lastKnownFileType = wrapper.framework; name = RxSwift.framework; path = Carthage/Build/iOS/RxSwift.framework; sourceTree = "<group>"; };
		605A50CA1F0FC65A004C6EC6 /* RxTest.framework */ = {isa = PBXFileReference; lastKnownFileType = wrapper.framework; name = RxTest.framework; path = Carthage/Build/iOS/RxTest.framework; sourceTree = "<group>"; };
		60C28BF21F106AB600D3543F /* NumbersViewController.storyboard */ = {isa = PBXFileReference; fileEncoding = 4; lastKnownFileType = file.storyboard; name = NumbersViewController.storyboard; path = Numbers/NumbersViewController.storyboard; sourceTree = "<group>"; };
/* End PBXFileReference section */

/* Begin PBXFrameworksBuildPhase section */
		605A50A01F0FC358004C6EC6 /* Frameworks */ = {
			isa = PBXFrameworksBuildPhase;
			buildActionMask = 2147483647;
			files = (
				605A50CC1F0FC65A004C6EC6 /* RxCocoa.framework in Frameworks */,
				605A50CD1F0FC65A004C6EC6 /* RxSwift.framework in Frameworks */,
			);
			runOnlyForDeploymentPostprocessing = 0;
		};
		605A50B41F0FC358004C6EC6 /* Frameworks */ = {
			isa = PBXFrameworksBuildPhase;
			buildActionMask = 2147483647;
			files = (
			);
			runOnlyForDeploymentPostprocessing = 0;
		};
/* End PBXFrameworksBuildPhase section */

/* Begin PBXGroup section */
		6006F5D71F111CE000A0A150 /* AddingItem */ = {
			isa = PBXGroup;
			children = (
				6006F5DA1F111D1800A0A150 /* AddingItemViewController.swift */,
				6006F5DC1F111D2B00A0A150 /* AddingItemViewController.storyboard */,
			);
			name = AddingItem;
			sourceTree = "<group>";
		};
		6006F5DF1F11BFFC00A0A150 /* RxAddingItem */ = {
			isa = PBXGroup;
			children = (
				6006F5E01F11C03400A0A150 /* RxAddingItemViewController.storyboard */,
				6006F5E21F11C07300A0A150 /* RxAddingItemViewController.swift */,
			);
			name = RxAddingItem;
			sourceTree = "<group>";
		};
		605A509A1F0FC358004C6EC6 = {
			isa = PBXGroup;
			children = (
				605A50A51F0FC358004C6EC6 /* RxSwiftPractice */,
				605A50BA1F0FC358004C6EC6 /* RxSwiftPracticeTests */,
				605A50A41F0FC358004C6EC6 /* Products */,
				605A50C61F0FC65A004C6EC6 /* Frameworks */,
			);
			sourceTree = "<group>";
		};
		605A50A41F0FC358004C6EC6 /* Products */ = {
			isa = PBXGroup;
			children = (
				605A50A31F0FC358004C6EC6 /* RxSwiftPractice.app */,
				605A50B71F0FC358004C6EC6 /* RxSwiftPracticeTests.xctest */,
			);
			name = Products;
			sourceTree = "<group>";
		};
		605A50A51F0FC358004C6EC6 /* RxSwiftPractice */ = {
			isa = PBXGroup;
			children = (
				6006F5DF1F11BFFC00A0A150 /* RxAddingItem */,
				6006F5D71F111CE000A0A150 /* AddingItem */,
				605A50D41F105F97004C6EC6 /* RxNumbers */,
				60C28BF41F1088FE00D3543F /* Application */,
			);
			path = RxSwiftPractice;
			sourceTree = "<group>";
		};
		605A50BA1F0FC358004C6EC6 /* RxSwiftPracticeTests */ = {
			isa = PBXGroup;
			children = (
				605A50BB1F0FC358004C6EC6 /* RxSwiftPracticeTests.swift */,
				605A50BD1F0FC358004C6EC6 /* Info.plist */,
			);
			path = RxSwiftPracticeTests;
			sourceTree = "<group>";
		};
		605A50C61F0FC65A004C6EC6 /* Frameworks */ = {
			isa = PBXGroup;
			children = (
				605A50C71F0FC65A004C6EC6 /* RxBlocking.framework */,
				605A50C81F0FC65A004C6EC6 /* RxCocoa.framework */,
				605A50C91F0FC65A004C6EC6 /* RxSwift.framework */,
				605A50CA1F0FC65A004C6EC6 /* RxTest.framework */,
			);
			name = Frameworks;
			sourceTree = "<group>";
		};
		605A50D41F105F97004C6EC6 /* RxNumbers */ = {
			isa = PBXGroup;
			children = (
				60C28BF21F106AB600D3543F /* NumbersViewController.storyboard */,
				605A50A81F0FC358004C6EC6 /* NumbersViewController.swift */,
			);
			name = RxNumbers;
			sourceTree = "<group>";
		};
		60C28BF41F1088FE00D3543F /* Application */ = {
			isa = PBXGroup;
			children = (
				605A50A61F0FC358004C6EC6 /* AppDelegate.swift */,
				605A50AA1F0FC358004C6EC6 /* Main.storyboard */,
				605A50AD1F0FC358004C6EC6 /* Assets.xcassets */,
				605A50AF1F0FC358004C6EC6 /* LaunchScreen.storyboard */,
				605A50B21F0FC358004C6EC6 /* Info.plist */,
			);
			name = Application;
			sourceTree = "<group>";
		};
/* End PBXGroup section */

/* Begin PBXNativeTarget section */
		605A50A21F0FC358004C6EC6 /* RxSwiftPractice */ = {
			isa = PBXNativeTarget;
			buildConfigurationList = 605A50C01F0FC358004C6EC6 /* Build configuration list for PBXNativeTarget "RxSwiftPractice" */;
			buildPhases = (
				605A509F1F0FC358004C6EC6 /* Sources */,
				605A50A01F0FC358004C6EC6 /* Frameworks */,
				605A50A11F0FC358004C6EC6 /* Resources */,
				605A50CF1F0FC669004C6EC6 /* Copy Carthage */,
			);
			buildRules = (
			);
			dependencies = (
			);
			name = RxSwiftPractice;
			productName = RxSwiftPractice;
			productReference = 605A50A31F0FC358004C6EC6 /* RxSwiftPractice.app */;
			productType = "com.apple.product-type.application";
		};
		605A50B61F0FC358004C6EC6 /* RxSwiftPracticeTests */ = {
			isa = PBXNativeTarget;
			buildConfigurationList = 605A50C31F0FC358004C6EC6 /* Build configuration list for PBXNativeTarget "RxSwiftPracticeTests" */;
			buildPhases = (
				605A50B31F0FC358004C6EC6 /* Sources */,
				605A50B41F0FC358004C6EC6 /* Frameworks */,
				605A50B51F0FC358004C6EC6 /* Resources */,
			);
			buildRules = (
			);
			dependencies = (
				605A50B91F0FC358004C6EC6 /* PBXTargetDependency */,
			);
			name = RxSwiftPracticeTests;
			productName = RxSwiftPracticeTests;
			productReference = 605A50B71F0FC358004C6EC6 /* RxSwiftPracticeTests.xctest */;
			productType = "com.apple.product-type.bundle.unit-test";
		};
/* End PBXNativeTarget section */

/* Begin PBXProject section */
		605A509B1F0FC358004C6EC6 /* Project object */ = {
			isa = PBXProject;
			attributes = {
				LastSwiftUpdateCheck = 0830;
				LastUpgradeCheck = 0830;
				ORGANIZATIONNAME = "Seunghun Lee";
				TargetAttributes = {
					605A50A21F0FC358004C6EC6 = {
						CreatedOnToolsVersion = 8.3.3;
						DevelopmentTeam = 778W4639PQ;
						ProvisioningStyle = Automatic;
					};
					605A50B61F0FC358004C6EC6 = {
						CreatedOnToolsVersion = 8.3.3;
						ProvisioningStyle = Automatic;
						TestTargetID = 605A50A21F0FC358004C6EC6;
					};
				};
			};
			buildConfigurationList = 605A509E1F0FC358004C6EC6 /* Build configuration list for PBXProject "RxSwiftPractice" */;
			compatibilityVersion = "Xcode 3.2";
			developmentRegion = English;
			hasScannedForEncodings = 0;
			knownRegions = (
				en,
				Base,
			);
			mainGroup = 605A509A1F0FC358004C6EC6;
			productRefGroup = 605A50A41F0FC358004C6EC6 /* Products */;
			projectDirPath = "";
			projectRoot = "";
			targets = (
				605A50A21F0FC358004C6EC6 /* RxSwiftPractice */,
				605A50B61F0FC358004C6EC6 /* RxSwiftPracticeTests */,
			);
		};
/* End PBXProject section */

/* Begin PBXResourcesBuildPhase section */
		605A50A11F0FC358004C6EC6 /* Resources */ = {
			isa = PBXResourcesBuildPhase;
			buildActionMask = 2147483647;
			files = (
				6006F5DD1F111D2B00A0A150 /* AddingItemViewController.storyboard in Resources */,
				60C28BF31F106AB600D3543F /* NumbersViewController.storyboard in Resources */,
				605A50B11F0FC358004C6EC6 /* LaunchScreen.storyboard in Resources */,
				6006F5E11F11C03400A0A150 /* RxAddingItemViewController.storyboard in Resources */,
				605A50AE1F0FC358004C6EC6 /* Assets.xcassets in Resources */,
				605A50AC1F0FC358004C6EC6 /* Main.storyboard in Resources */,
			);
			runOnlyForDeploymentPostprocessing = 0;
		};
		605A50B51F0FC358004C6EC6 /* Resources */ = {
			isa = PBXResourcesBuildPhase;
			buildActionMask = 2147483647;
			files = (
			);
			runOnlyForDeploymentPostprocessing = 0;
		};
/* End PBXResourcesBuildPhase section */

/* Begin PBXShellScriptBuildPhase section */
		605A50CF1F0FC669004C6EC6 /* Copy Carthage */ = {
			isa = PBXShellScriptBuildPhase;
			buildActionMask = 2147483647;
			files = (
			);
			inputPaths = (
				"$(SRCROOT)/Carthage/Build/iOS/RxBlocking.framework",
				"$(SRCROOT)/Carthage/Build/iOS/RxCocoa.framework",
				"$(SRCROOT)/Carthage/Build/iOS/RxSwift.framework",
				"$(SRCROOT)/Carthage/Build/iOS/RxTest.framework",
			);
			name = "Copy Carthage";
			outputPaths = (
				"$(BUILT_PRODUCTS_DIR)/$(FRAMEWORKS_FOLDER_PATH)/Carthage/Build/iOS/RxBlocking.framework",
				"$(BUILT_PRODUCTS_DIR)/$(FRAMEWORKS_FOLDER_PATH)/Carthage/Build/iOS/RxCocoa.framework",
				"$(BUILT_PRODUCTS_DIR)/$(FRAMEWORKS_FOLDER_PATH)/Carthage/Build/iOS/RxSwift.framework",
				"$(BUILT_PRODUCTS_DIR)/$(FRAMEWORKS_FOLDER_PATH)/Carthage/Build/iOS/RxTest.framework",
			);
			runOnlyForDeploymentPostprocessing = 0;
			shellPath = /bin/sh;
			shellScript = "/usr/local/bin/carthage copy-frameworks";
		};
/* End PBXShellScriptBuildPhase section */

/* Begin PBXSourcesBuildPhase section */
		605A509F1F0FC358004C6EC6 /* Sources */ = {
			isa = PBXSourcesBuildPhase;
			buildActionMask = 2147483647;
			files = (
				6006F5E31F11C07300A0A150 /* RxAddingItemViewController.swift in Sources */,
				605A50A91F0FC358004C6EC6 /* NumbersViewController.swift in Sources */,
				6006F5DB1F111D1800A0A150 /* AddingItemViewController.swift in Sources */,
				605A50A71F0FC358004C6EC6 /* AppDelegate.swift in Sources */,
			);
			runOnlyForDeploymentPostprocessing = 0;
		};
		605A50B31F0FC358004C6EC6 /* Sources */ = {
			isa = PBXSourcesBuildPhase;
			buildActionMask = 2147483647;
			files = (
				605A50BC1F0FC358004C6EC6 /* RxSwiftPracticeTests.swift in Sources */,
			);
			runOnlyForDeploymentPostprocessing = 0;
		};
/* End PBXSourcesBuildPhase section */

/* Begin PBXTargetDependency section */
		605A50B91F0FC358004C6EC6 /* PBXTargetDependency */ = {
			isa = PBXTargetDependency;
			target = 605A50A21F0FC358004C6EC6 /* RxSwiftPractice */;
			targetProxy = 605A50B81F0FC358004C6EC6 /* PBXContainerItemProxy */;
		};
/* End PBXTargetDependency section */

/* Begin PBXVariantGroup section */
		605A50AA1F0FC358004C6EC6 /* Main.storyboard */ = {
			isa = PBXVariantGroup;
			children = (
				605A50AB1F0FC358004C6EC6 /* Base */,
			);
			name = Main.storyboard;
			sourceTree = "<group>";
		};
		605A50AF1F0FC358004C6EC6 /* LaunchScreen.storyboard */ = {
			isa = PBXVariantGroup;
			children = (
				605A50B01F0FC358004C6EC6 /* Base */,
			);
			name = LaunchScreen.storyboard;
			sourceTree = "<group>";
		};
/* End PBXVariantGroup section */

/* Begin XCBuildConfiguration section */
		605A50BE1F0FC358004C6EC6 /* Debug */ = {
			isa = XCBuildConfiguration;
			buildSettings = {
				ALWAYS_SEARCH_USER_PATHS = NO;
				CLANG_ANALYZER_NONNULL = YES;
				CLANG_ANALYZER_NUMBER_OBJECT_CONVERSION = YES_AGGRESSIVE;
				CLANG_CXX_LANGUAGE_STANDARD = "gnu++0x";
				CLANG_CXX_LIBRARY = "libc++";
				CLANG_ENABLE_MODULES = YES;
				CLANG_ENABLE_OBJC_ARC = YES;
				CLANG_WARN_BOOL_CONVERSION = YES;
				CLANG_WARN_CONSTANT_CONVERSION = YES;
				CLANG_WARN_DIRECT_OBJC_ISA_USAGE = YES_ERROR;
				CLANG_WARN_DOCUMENTATION_COMMENTS = YES;
				CLANG_WARN_EMPTY_BODY = YES;
				CLANG_WARN_ENUM_CONVERSION = YES;
				CLANG_WARN_INFINITE_RECURSION = YES;
				CLANG_WARN_INT_CONVERSION = YES;
				CLANG_WARN_OBJC_ROOT_CLASS = YES_ERROR;
				CLANG_WARN_SUSPICIOUS_MOVE = YES;
				CLANG_WARN_UNREACHABLE_CODE = YES;
				CLANG_WARN__DUPLICATE_METHOD_MATCH = YES;
				"CODE_SIGN_IDENTITY[sdk=iphoneos*]" = "iPhone Developer";
				COPY_PHASE_STRIP = NO;
				DEBUG_INFORMATION_FORMAT = dwarf;
				ENABLE_STRICT_OBJC_MSGSEND = YES;
				ENABLE_TESTABILITY = YES;
				GCC_C_LANGUAGE_STANDARD = gnu99;
				GCC_DYNAMIC_NO_PIC = NO;
				GCC_NO_COMMON_BLOCKS = YES;
				GCC_OPTIMIZATION_LEVEL = 0;
				GCC_PREPROCESSOR_DEFINITIONS = (
					"DEBUG=1",
					"$(inherited)",
				);
				GCC_WARN_64_TO_32_BIT_CONVERSION = YES;
				GCC_WARN_ABOUT_RETURN_TYPE = YES_ERROR;
				GCC_WARN_UNDECLARED_SELECTOR = YES;
				GCC_WARN_UNINITIALIZED_AUTOS = YES_AGGRESSIVE;
				GCC_WARN_UNUSED_FUNCTION = YES;
				GCC_WARN_UNUSED_VARIABLE = YES;
				IPHONEOS_DEPLOYMENT_TARGET = 10.3;
				MTL_ENABLE_DEBUG_INFO = YES;
				ONLY_ACTIVE_ARCH = YES;
				SDKROOT = iphoneos;
				SWIFT_ACTIVE_COMPILATION_CONDITIONS = DEBUG;
				SWIFT_OPTIMIZATION_LEVEL = "-Onone";
				TARGETED_DEVICE_FAMILY = "1,2";
			};
			name = Debug;
		};
		605A50BF1F0FC358004C6EC6 /* Release */ = {
			isa = XCBuildConfiguration;
			buildSettings = {
				ALWAYS_SEARCH_USER_PATHS = NO;
				CLANG_ANALYZER_NONNULL = YES;
				CLANG_ANALYZER_NUMBER_OBJECT_CONVERSION = YES_AGGRESSIVE;
				CLANG_CXX_LANGUAGE_STANDARD = "gnu++0x";
				CLANG_CXX_LIBRARY = "libc++";
				CLANG_ENABLE_MODULES = YES;
				CLANG_ENABLE_OBJC_ARC = YES;
				CLANG_WARN_BOOL_CONVERSION = YES;
				CLANG_WARN_CONSTANT_CONVERSION = YES;
				CLANG_WARN_DIRECT_OBJC_ISA_USAGE = YES_ERROR;
				CLANG_WARN_DOCUMENTATION_COMMENTS = YES;
				CLANG_WARN_EMPTY_BODY = YES;
				CLANG_WARN_ENUM_CONVERSION = YES;
				CLANG_WARN_INFINITE_RECURSION = YES;
				CLANG_WARN_INT_CONVERSION = YES;
				CLANG_WARN_OBJC_ROOT_CLASS = YES_ERROR;
				CLANG_WARN_SUSPICIOUS_MOVE = YES;
				CLANG_WARN_UNREACHABLE_CODE = YES;
				CLANG_WARN__DUPLICATE_METHOD_MATCH = YES;
				"CODE_SIGN_IDENTITY[sdk=iphoneos*]" = "iPhone Developer";
				COPY_PHASE_STRIP = NO;
				DEBUG_INFORMATION_FORMAT = "dwarf-with-dsym";
				ENABLE_NS_ASSERTIONS = NO;
				ENABLE_STRICT_OBJC_MSGSEND = YES;
				GCC_C_LANGUAGE_STANDARD = gnu99;
				GCC_NO_COMMON_BLOCKS = YES;
				GCC_WARN_64_TO_32_BIT_CONVERSION = YES;
				GCC_WARN_ABOUT_RETURN_TYPE = YES_ERROR;
				GCC_WARN_UNDECLARED_SELECTOR = YES;
				GCC_WARN_UNINITIALIZED_AUTOS = YES_AGGRESSIVE;
				GCC_WARN_UNUSED_FUNCTION = YES;
				GCC_WARN_UNUSED_VARIABLE = YES;
				IPHONEOS_DEPLOYMENT_TARGET = 10.3;
				MTL_ENABLE_DEBUG_INFO = NO;
				SDKROOT = iphoneos;
				SWIFT_OPTIMIZATION_LEVEL = "-Owholemodule";
				TARGETED_DEVICE_FAMILY = "1,2";
				VALIDATE_PRODUCT = YES;
			};
			name = Release;
		};
		605A50C11F0FC358004C6EC6 /* Debug */ = {
			isa = XCBuildConfiguration;
			buildSettings = {
				ASSETCATALOG_COMPILER_APPICON_NAME = AppIcon;
				DEVELOPMENT_TEAM = 778W4639PQ;
				FRAMEWORK_SEARCH_PATHS = (
					"$(inherited)",
					"$(PROJECT_DIR)/Carthage/Build/iOS",
				);
				INFOPLIST_FILE = RxSwiftPractice/Info.plist;
				LD_RUNPATH_SEARCH_PATHS = "$(inherited) @executable_path/Frameworks";
				PRODUCT_BUNDLE_IDENTIFIER = com.earlbread.RxSwiftPractice;
				PRODUCT_NAME = "$(TARGET_NAME)";
				SWIFT_VERSION = 3.0;
			};
			name = Debug;
		};
		605A50C21F0FC358004C6EC6 /* Release */ = {
			isa = XCBuildConfiguration;
			buildSettings = {
				ASSETCATALOG_COMPILER_APPICON_NAME = AppIcon;
				DEVELOPMENT_TEAM = 778W4639PQ;
				FRAMEWORK_SEARCH_PATHS = (
					"$(inherited)",
					"$(PROJECT_DIR)/Carthage/Build/iOS",
				);
				INFOPLIST_FILE = RxSwiftPractice/Info.plist;
				LD_RUNPATH_SEARCH_PATHS = "$(inherited) @executable_path/Frameworks";
				PRODUCT_BUNDLE_IDENTIFIER = com.earlbread.RxSwiftPractice;
				PRODUCT_NAME = "$(TARGET_NAME)";
				SWIFT_VERSION = 3.0;
			};
			name = Release;
		};
		605A50C41F0FC358004C6EC6 /* Debug */ = {
			isa = XCBuildConfiguration;
			buildSettings = {
				ALWAYS_EMBED_SWIFT_STANDARD_LIBRARIES = YES;
				BUNDLE_LOADER = "$(TEST_HOST)";
				FRAMEWORK_SEARCH_PATHS = (
					"$(inherited)",
					"$(PROJECT_DIR)/Carthage/Build/iOS",
				);
				INFOPLIST_FILE = RxSwiftPracticeTests/Info.plist;
				LD_RUNPATH_SEARCH_PATHS = "$(inherited) @executable_path/Frameworks @loader_path/Frameworks";
				PRODUCT_BUNDLE_IDENTIFIER = com.earlbread.RxSwiftPracticeTests;
				PRODUCT_NAME = "$(TARGET_NAME)";
				SWIFT_VERSION = 3.0;
				TEST_HOST = "$(BUILT_PRODUCTS_DIR)/RxSwiftPractice.app/RxSwiftPractice";
			};
			name = Debug;
		};
		605A50C51F0FC358004C6EC6 /* Release */ = {
			isa = XCBuildConfiguration;
			buildSettings = {
				ALWAYS_EMBED_SWIFT_STANDARD_LIBRARIES = YES;
				BUNDLE_LOADER = "$(TEST_HOST)";
				FRAMEWORK_SEARCH_PATHS = (
					"$(inherited)",
					"$(PROJECT_DIR)/Carthage/Build/iOS",
				);
				INFOPLIST_FILE = RxSwiftPracticeTests/Info.plist;
				LD_RUNPATH_SEARCH_PATHS = "$(inherited) @executable_path/Frameworks @loader_path/Frameworks";
				PRODUCT_BUNDLE_IDENTIFIER = com.earlbread.RxSwiftPracticeTests;
				PRODUCT_NAME = "$(TARGET_NAME)";
				SWIFT_VERSION = 3.0;
				TEST_HOST = "$(BUILT_PRODUCTS_DIR)/RxSwiftPractice.app/RxSwiftPractice";
			};
			name = Release;
		};
/* End XCBuildConfiguration section */

/* Begin XCConfigurationList section */
		605A509E1F0FC358004C6EC6 /* Build configuration list for PBXProject "RxSwiftPractice" */ = {
			isa = XCConfigurationList;
			buildConfigurations = (
				605A50BE1F0FC358004C6EC6 /* Debug */,
				605A50BF1F0FC358004C6EC6 /* Release */,
			);
			defaultConfigurationIsVisible = 0;
			defaultConfigurationName = Release;
		};
		605A50C01F0FC358004C6EC6 /* Build configuration list for PBXNativeTarget "RxSwiftPractice" */ = {
			isa = XCConfigurationList;
			buildConfigurations = (
				605A50C11F0FC358004C6EC6 /* Debug */,
				605A50C21F0FC358004C6EC6 /* Release */,
			);
			defaultConfigurationIsVisible = 0;
			defaultConfigurationName = Release;
		};
		605A50C31F0FC358004C6EC6 /* Build configuration list for PBXNativeTarget "RxSwiftPracticeTests" */ = {
			isa = XCConfigurationList;
			buildConfigurations = (
				605A50C41F0FC358004C6EC6 /* Debug */,
				605A50C51F0FC358004C6EC6 /* Release */,
			);
			defaultConfigurationIsVisible = 0;
			defaultConfigurationName = Release;
		};
/* End XCConfigurationList section */
	};
	rootObject = 605A509B1F0FC358004C6EC6 /* Project object */;
}
